
Microsoft Visual Studio Solution File, Format Version 12.00
# Visual Studio Version 17
VisualStudioVersion = 17.9.34701.34
MinimumVisualStudioVersion = 10.0.40219.1
Project("{FAE04EC0-301F-11D3-BF4B-00C04F79EFBC}") = "Arrays_dsa", "Arrays_dsa\Arrays_dsa.csproj", "{4D07EB9B-585A-4275-A384-9B9196EFFF57}"
EndProject
Global
	GlobalSection(SolutionConfigurationPlatforms) = preSolution
		Debug|Any CPU = Debug|Any CPU
		Release|Any CPU = Release|Any CPU
	EndGlobalSection
	GlobalSection(ProjectConfigurationPlatforms) = postSolution
		{4D07EB9B-585A-4275-A384-9B9196EFFF57}.Debug|Any CPU.ActiveCfg = Debug|Any CPU
		{4D07EB9B-585A-4275-A384-9B9196EFFF57}.Debug|Any CPU.Build.0 = Debug|Any CPU
		{4D07EB9B-585A-4275-A384-9B9196EFFF57}.Release|Any CPU.ActiveCfg = Release|Any CPU
		{4D07EB9B-585A-4275-A384-9B9196EFFF57}.Release|Any CPU.Build.0 = Release|Any CPU
	EndGlobalSection
	GlobalSection(SolutionProperties) = preSolution
		HideSolutionNode = FALSE
	EndGlobalSection
	GlobalSection(ExtensibilityGlobals) = postSolution
		SolutionGuid = {EF7A3A9C-9BD6-4B74-9E2F-2842AB1C2A8C}
	EndGlobalSection
EndGlobal
